
Microsoft Visual Studio Solution File, Format Version 12.00
# Visual Studio Version 17
VisualStudioVersion = 17.7.34031.279
MinimumVisualStudioVersion = 10.0.40219.1
Project("{FAE04EC0-301F-11D3-BF4B-00C04F79EFBC}") = "Uitleg", "Uitleg\Uitleg.csproj", "{A96DF963-928A-4C6A-A35A-8D281F8F4746}"
EndProject
Project("{FAE04EC0-301F-11D3-BF4B-00C04F79EFBC}") = "Domain", "Domain\Domain.csproj", "{907E2E71-478C-40C2-9BA1-FAE0E4781F01}"
EndProject
Project("{FAE04EC0-301F-11D3-BF4B-00C04F79EFBC}") = "Domain.Tests", "Domain.Tests\Domain.Tests.csproj", "{D194BCC9-50C8-4CAC-BD08-C660EB1B9C92}"
EndProject
Project("{FAE04EC0-301F-11D3-BF4B-00C04F79EFBC}") = "SQLInfra", "SQLInfra\SQLInfra.csproj", "{79F60F42-2215-418C-B944-8C362D5988A4}"
EndProject
Global
	GlobalSection(SolutionConfigurationPlatforms) = preSolution
		Debug|Any CPU = Debug|Any CPU
		Release|Any CPU = Release|Any CPU
	EndGlobalSection
	GlobalSection(ProjectConfigurationPlatforms) = postSolution
		{A96DF963-928A-4C6A-A35A-8D281F8F4746}.Debug|Any CPU.ActiveCfg = Debug|Any CPU
		{A96DF963-928A-4C6A-A35A-8D281F8F4746}.Debug|Any CPU.Build.0 = Debug|Any CPU
		{A96DF963-928A-4C6A-A35A-8D281F8F4746}.Release|Any CPU.ActiveCfg = Release|Any CPU
		{A96DF963-928A-4C6A-A35A-8D281F8F4746}.Release|Any CPU.Build.0 = Release|Any CPU
		{907E2E71-478C-40C2-9BA1-FAE0E4781F01}.Debug|Any CPU.ActiveCfg = Debug|Any CPU
		{907E2E71-478C-40C2-9BA1-FAE0E4781F01}.Debug|Any CPU.Build.0 = Debug|Any CPU
		{907E2E71-478C-40C2-9BA1-FAE0E4781F01}.Release|Any CPU.ActiveCfg = Release|Any CPU
		{907E2E71-478C-40C2-9BA1-FAE0E4781F01}.Release|Any CPU.Build.0 = Release|Any CPU
		{D194BCC9-50C8-4CAC-BD08-C660EB1B9C92}.Debug|Any CPU.ActiveCfg = Debug|Any CPU
		{D194BCC9-50C8-4CAC-BD08-C660EB1B9C92}.Debug|Any CPU.Build.0 = Debug|Any CPU
		{D194BCC9-50C8-4CAC-BD08-C660EB1B9C92}.Release|Any CPU.ActiveCfg = Release|Any CPU
		{D194BCC9-50C8-4CAC-BD08-C660EB1B9C92}.Release|Any CPU.Build.0 = Release|Any CPU
		{79F60F42-2215-418C-B944-8C362D5988A4}.Debug|Any CPU.ActiveCfg = Debug|Any CPU
		{79F60F42-2215-418C-B944-8C362D5988A4}.Debug|Any CPU.Build.0 = Debug|Any CPU
		{79F60F42-2215-418C-B944-8C362D5988A4}.Release|Any CPU.ActiveCfg = Release|Any CPU
		{79F60F42-2215-418C-B944-8C362D5988A4}.Release|Any CPU.Build.0 = Release|Any CPU
	EndGlobalSection
	GlobalSection(SolutionProperties) = preSolution
		HideSolutionNode = FALSE
	EndGlobalSection
	GlobalSection(ExtensibilityGlobals) = postSolution
		SolutionGuid = {0C3B3C10-E5A5-44B7-A11B-DB7F9072A7DC}
	EndGlobalSection
EndGlobal
